{
    "name": "netlify-functions-slack-demo",
    "version": "0.0.1",
    "lockfileVersion": 1,
    "requires": true,
    "dependencies": {
        "@types/aws-lambda": {
            "version": "8.10.75",
            "resolved": "https://registry.npmjs.org/@types/aws-lambda/-/aws-lambda-8.10.75.tgz",
            "integrity": "sha512-orOKSsIVUMsAbKgbSX2ST3FwQt9pxinHVCAIAVl4SmmTxmki2Gu+cGqobMD3eYwDV5FV0YNtaXyxnvE9pLrKTw==",
            "dev": true
        },
        "typescript": {
            "version": "4.2.4",
            "resolved": "https://registry.npmjs.org/typescript/-/typescript-4.2.4.tgz",
            "integrity": "sha512-V+evlYHZnQkaz8TRBuxTA92yZBPotr5H+WhQ7bD3hZUndx5tGOa1fuCgeSjxAzM1RiN5IzvadIXTVefuuwZCRg==",
            "dev": true
        }
    }
}
